
Microsoft Visual Studio Solution File, Format Version 12.00
# Visual Studio Version 16
VisualStudioVersion = 16.0.30309.148
MinimumVisualStudioVersion = 10.0.40219.1
Project("{FAE04EC0-301F-11D3-BF4B-00C04F79EFBC}") = "DVJobMod", "DVJobMod\DVJobMod.csproj", "{3847D730-1EB4-4E2C-99C9-28249C67FE8A}"
EndProject
Global
	GlobalSection(SolutionConfigurationPlatforms) = preSolution
		Debug|Any CPU = Debug|Any CPU
		Release|Any CPU = Release|Any CPU
	EndGlobalSection
	GlobalSection(ProjectConfigurationPlatforms) = postSolution
		{3847D730-1EB4-4E2C-99C9-28249C67FE8A}.Debug|Any CPU.ActiveCfg = Debug|Any CPU
		{3847D730-1EB4-4E2C-99C9-28249C67FE8A}.Debug|Any CPU.Build.0 = Debug|Any CPU
		{3847D730-1EB4-4E2C-99C9-28249C67FE8A}.Release|Any CPU.ActiveCfg = Release|Any CPU
		{3847D730-1EB4-4E2C-99C9-28249C67FE8A}.Release|Any CPU.Build.0 = Release|Any CPU
	EndGlobalSection
	GlobalSection(SolutionProperties) = preSolution
		HideSolutionNode = FALSE
	EndGlobalSection
	GlobalSection(ExtensibilityGlobals) = postSolution
		SolutionGuid = {5440BA50-BBD3-434B-9B3C-ACD7FBBBF294}
	EndGlobalSection
EndGlobal
